
Microsoft Visual Studio Solution File, Format Version 12.00
Project("{FAE04EC0-301F-11D3-BF4B-00C04F79EFBC}") = "FileParser", "FileParser\FileParser.csproj", "{C528280C-E9D5-4DE4-9546-9F766807CE50}"
EndProject
Project("{FAE04EC0-301F-11D3-BF4B-00C04F79EFBC}") = "DataProcessor", "DataProcessor\DataProcessor.csproj", "{29AF43F0-6A15-4685-8897-F013FD1FD93A}"
EndProject
Global
	GlobalSection(SolutionConfigurationPlatforms) = preSolution
		Debug|Any CPU = Debug|Any CPU
		Release|Any CPU = Release|Any CPU
	EndGlobalSection
	GlobalSection(ProjectConfigurationPlatforms) = postSolution
		{C528280C-E9D5-4DE4-9546-9F766807CE50}.Debug|Any CPU.ActiveCfg = Debug|Any CPU
		{C528280C-E9D5-4DE4-9546-9F766807CE50}.Debug|Any CPU.Build.0 = Debug|Any CPU
		{C528280C-E9D5-4DE4-9546-9F766807CE50}.Release|Any CPU.ActiveCfg = Release|Any CPU
		{C528280C-E9D5-4DE4-9546-9F766807CE50}.Release|Any CPU.Build.0 = Release|Any CPU
		{29AF43F0-6A15-4685-8897-F013FD1FD93A}.Debug|Any CPU.ActiveCfg = Debug|Any CPU
		{29AF43F0-6A15-4685-8897-F013FD1FD93A}.Debug|Any CPU.Build.0 = Debug|Any CPU
		{29AF43F0-6A15-4685-8897-F013FD1FD93A}.Release|Any CPU.ActiveCfg = Release|Any CPU
		{29AF43F0-6A15-4685-8897-F013FD1FD93A}.Release|Any CPU.Build.0 = Release|Any CPU
	EndGlobalSection
EndGlobal
